
Microsoft Visual Studio Solution File, Format Version 12.00
# Visual Studio Version 17
VisualStudioVersion = 17.14.36414.22 d17.14
MinimumVisualStudioVersion = 10.0.40219.1
Project("{8BC9CEB8-8B4A-11D0-8D11-00A0C91BC942}") = "Practica LAB 3", "Practica LAB 3\Practica LAB 3.vcxproj", "{755C6577-BE87-AA6A-CBF4-BF571EB0D7DA}"
EndProject
Global
	GlobalSection(SolutionConfigurationPlatforms) = preSolution
		Debug|x64 = Debug|x64
		Debug|x86 = Debug|x86
		Release|x64 = Release|x64
		Release|x86 = Release|x86
	EndGlobalSection
	GlobalSection(ProjectConfigurationPlatforms) = postSolution
		{755C6577-BE87-AA6A-CBF4-BF571EB0D7DA}.Debug|x64.ActiveCfg = Debug|x64
		{755C6577-BE87-AA6A-CBF4-BF571EB0D7DA}.Debug|x64.Build.0 = Debug|x64
		{755C6577-BE87-AA6A-CBF4-BF571EB0D7DA}.Debug|x86.ActiveCfg = Debug|Win32
		{755C6577-BE87-AA6A-CBF4-BF571EB0D7DA}.Debug|x86.Build.0 = Debug|Win32
		{755C6577-BE87-AA6A-CBF4-BF571EB0D7DA}.Release|x64.ActiveCfg = Release|x64
		{755C6577-BE87-AA6A-CBF4-BF571EB0D7DA}.Release|x64.Build.0 = Release|x64
		{755C6577-BE87-AA6A-CBF4-BF571EB0D7DA}.Release|x86.ActiveCfg = Release|Win32
		{755C6577-BE87-AA6A-CBF4-BF571EB0D7DA}.Release|x86.Build.0 = Release|Win32
	EndGlobalSection
	GlobalSection(SolutionProperties) = preSolution
		HideSolutionNode = FALSE
	EndGlobalSection
	GlobalSection(ExtensibilityGlobals) = postSolution
		SolutionGuid = {B4B8EB17-E71B-486F-A36B-6C58554EDA5A}
	EndGlobalSection
EndGlobal
